// !$*UTF8*$!
{
	archiveVersion = 1;
	classes = {
	};
	objectVersion = 56;
	objects = {

/* Begin PBXBuildFile section */
		4A3559E52C3DB68400933FEA /* ProjectUpdateView.swift in Sources */ = {isa = PBXBuildFile; fileRef = 4A3559E42C3DB68400933FEA /* ProjectUpdateView.swift */; };
		4A4933962C3EF0FA00D3274E /* DateHelper.swift in Sources */ = {isa = PBXBuildFile; fileRef = 4A4933952C3EF0FA00D3274E /* DateHelper.swift */; };
		4A4933982C3EF6B400D3274E /* EditFocusView.swift in Sources */ = {isa = PBXBuildFile; fileRef = 4A4933972C3EF6B400D3274E /* EditFocusView.swift */; };
		4A6CF8712C3AD4F700944CAE /* DBProjectTracker.swift in Sources */ = {isa = PBXBuildFile; fileRef = 4A6CF8702C3AD4F700944CAE /* DBProjectTracker.swift */; };
		4A6CF8732C3AD4F700944CAE /* ProjectListView.swift in Sources */ = {isa = PBXBuildFile; fileRef = 4A6CF8722C3AD4F700944CAE /* ProjectListView.swift */; };
		4A6CF8752C3AD4F800944CAE /* Assets.xcassets in Resources */ = {isa = PBXBuildFile; fileRef = 4A6CF8742C3AD4F800944CAE /* Assets.xcassets */; };
		4A6CF8782C3AD4F800944CAE /* Preview Assets.xcassets in Resources */ = {isa = PBXBuildFile; fileRef = 4A6CF8772C3AD4F800944CAE /* Preview Assets.xcassets */; };
		4A6CF8802C3AD5D000944CAE /* Project.swift in Sources */ = {isa = PBXBuildFile; fileRef = 4A6CF87F2C3AD5D000944CAE /* Project.swift */; };
		4A6CF8822C3AD64700944CAE /* ProjectUpdate.swift in Sources */ = {isa = PBXBuildFile; fileRef = 4A6CF8812C3AD64700944CAE /* ProjectUpdate.swift */; };
		4AA389C62C3C51DC00FACA79 /* FontHelper.swift in Sources */ = {isa = PBXBuildFile; fileRef = 4AA389C52C3C51DC00FACA79 /* FontHelper.swift */; };
		4AA389C92C3C657F00FACA79 /* StatBubbleView.swift in Sources */ = {isa = PBXBuildFile; fileRef = 4AA389C82C3C657F00FACA79 /* StatBubbleView.swift */; };
		4AA389CB2C3C676600FACA79 /* ProjectCardView.swift in Sources */ = {isa = PBXBuildFile; fileRef = 4AA389CA2C3C676600FACA79 /* ProjectCardView.swift */; };
		4AA389E72C3C783A00FACA79 /* AddProjectView.swift in Sources */ = {isa = PBXBuildFile; fileRef = 4AA389E62C3C783A00FACA79 /* AddProjectView.swift */; };
		4AA389EB2C3C90D600FACA79 /* ProjectDetailView.swift in Sources */ = {isa = PBXBuildFile; fileRef = 4AA389EA2C3C90D600FACA79 /* ProjectDetailView.swift */; };
		4AC8D76F2C3E502300E3D406 /* AddUpdateView.swift in Sources */ = {isa = PBXBuildFile; fileRef = 4AC8D76E2C3E502300E3D406 /* AddUpdateView.swift */; };
/* End PBXBuildFile section */

/* Begin PBXFileReference section */
		4A3559E42C3DB68400933FEA /* ProjectUpdateView.swift */ = {isa = PBXFileReference; lastKnownFileType = sourcecode.swift; path = ProjectUpdateView.swift; sourceTree = "<group>"; };
		4A4933952C3EF0FA00D3274E /* DateHelper.swift */ = {isa = PBXFileReference; lastKnownFileType = sourcecode.swift; path = DateHelper.swift; sourceTree = "<group>"; };
		4A4933972C3EF6B400D3274E /* EditFocusView.swift */ = {isa = PBXFileReference; lastKnownFileType = sourcecode.swift; path = EditFocusView.swift; sourceTree = "<group>"; };
		4A6CF86D2C3AD4F700944CAE /* db-project-tracker.app */ = {isa = PBXFileReference; explicitFileType = wrapper.application; includeInIndex = 0; path = "db-project-tracker.app"; sourceTree = BUILT_PRODUCTS_DIR; };
		4A6CF8702C3AD4F700944CAE /* DBProjectTracker.swift */ = {isa = PBXFileReference; lastKnownFileType = sourcecode.swift; path = DBProjectTracker.swift; sourceTree = "<group>"; };
		4A6CF8722C3AD4F700944CAE /* ProjectListView.swift */ = {isa = PBXFileReference; lastKnownFileType = sourcecode.swift; path = ProjectListView.swift; sourceTree = "<group>"; };
		4A6CF8742C3AD4F800944CAE /* Assets.xcassets */ = {isa = PBXFileReference; lastKnownFileType = folder.assetcatalog; path = Assets.xcassets; sourceTree = "<group>"; };
		4A6CF8772C3AD4F800944CAE /* Preview Assets.xcassets */ = {isa = PBXFileReference; lastKnownFileType = folder.assetcatalog; path = "Preview Assets.xcassets"; sourceTree = "<group>"; };
		4A6CF87F2C3AD5D000944CAE /* Project.swift */ = {isa = PBXFileReference; lastKnownFileType = sourcecode.swift; path = Project.swift; sourceTree = "<group>"; };
		4A6CF8812C3AD64700944CAE /* ProjectUpdate.swift */ = {isa = PBXFileReference; lastKnownFileType = sourcecode.swift; path = ProjectUpdate.swift; sourceTree = "<group>"; };
		4AA389C52C3C51DC00FACA79 /* FontHelper.swift */ = {isa = PBXFileReference; lastKnownFileType = sourcecode.swift; path = FontHelper.swift; sourceTree = "<group>"; };
		4AA389C82C3C657F00FACA79 /* StatBubbleView.swift */ = {isa = PBXFileReference; lastKnownFileType = sourcecode.swift; path = StatBubbleView.swift; sourceTree = "<group>"; };
		4AA389CA2C3C676600FACA79 /* ProjectCardView.swift */ = {isa = PBXFileReference; lastKnownFileType = sourcecode.swift; path = ProjectCardView.swift; sourceTree = "<group>"; };
		4AA389E62C3C783A00FACA79 /* AddProjectView.swift */ = {isa = PBXFileReference; lastKnownFileType = sourcecode.swift; path = AddProjectView.swift; sourceTree = "<group>"; };
		4AA389EA2C3C90D600FACA79 /* ProjectDetailView.swift */ = {isa = PBXFileReference; lastKnownFileType = sourcecode.swift; path = ProjectDetailView.swift; sourceTree = "<group>"; };
		4AC8D76E2C3E502300E3D406 /* AddUpdateView.swift */ = {isa = PBXFileReference; lastKnownFileType = sourcecode.swift; path = AddUpdateView.swift; sourceTree = "<group>"; };
/* End PBXFileReference section */

/* Begin PBXFrameworksBuildPhase section */
		4A6CF86A2C3AD4F700944CAE /* Frameworks */ = {
			isa = PBXFrameworksBuildPhase;
			buildActionMask = 2147483647;
			files = (
			);
			runOnlyForDeploymentPostprocessing = 0;
		};
/* End PBXFrameworksBuildPhase section */

/* Begin PBXGroup section */
		4A6CF8642C3AD4F700944CAE = {
			isa = PBXGroup;
			children = (
				4A6CF86F2C3AD4F700944CAE /* db-project-tracker */,
				4A6CF86E2C3AD4F700944CAE /* Products */,
			);
			sourceTree = "<group>";
		};
		4A6CF86E2C3AD4F700944CAE /* Products */ = {
			isa = PBXGroup;
			children = (
				4A6CF86D2C3AD4F700944CAE /* db-project-tracker.app */,
			);
			name = Products;
			sourceTree = "<group>";
		};
		4A6CF86F2C3AD4F700944CAE /* db-project-tracker */ = {
			isa = PBXGroup;
			children = (
				4AA389E82C3C90B500FACA79 /* Project Detail */,
				4AA389C72C3C655B00FACA79 /* Project List */,
				4AA389C42C3C51C400FACA79 /* Helpers */,
				4A6CF87E2C3AD5BD00944CAE /* Models */,
				4A6CF8702C3AD4F700944CAE /* DBProjectTracker.swift */,
				4A6CF8742C3AD4F800944CAE /* Assets.xcassets */,
				4A6CF8762C3AD4F800944CAE /* Preview Content */,
			);
			path = "db-project-tracker";
			sourceTree = "<group>";
		};
		4A6CF8762C3AD4F800944CAE /* Preview Content */ = {
			isa = PBXGroup;
			children = (
				4A6CF8772C3AD4F800944CAE /* Preview Assets.xcassets */,
			);
			path = "Preview Content";
			sourceTree = "<group>";
		};
		4A6CF87E2C3AD5BD00944CAE /* Models */ = {
			isa = PBXGroup;
			children = (
				4A6CF87F2C3AD5D000944CAE /* Project.swift */,
				4A6CF8812C3AD64700944CAE /* ProjectUpdate.swift */,
			);
			path = Models;
			sourceTree = "<group>";
		};
		4AA389C42C3C51C400FACA79 /* Helpers */ = {
			isa = PBXGroup;
			children = (
				4AA389C52C3C51DC00FACA79 /* FontHelper.swift */,
				4A4933952C3EF0FA00D3274E /* DateHelper.swift */,
			);
			path = Helpers;
			sourceTree = "<group>";
		};
		4AA389C72C3C655B00FACA79 /* Project List */ = {
			isa = PBXGroup;
			children = (
				4A6CF8722C3AD4F700944CAE /* ProjectListView.swift */,
				4AA389C82C3C657F00FACA79 /* StatBubbleView.swift */,
				4AA389CA2C3C676600FACA79 /* ProjectCardView.swift */,
				4AA389E62C3C783A00FACA79 /* AddProjectView.swift */,
			);
			path = "Project List";
			sourceTree = "<group>";
		};
		4AA389E82C3C90B500FACA79 /* Project Detail */ = {
			isa = PBXGroup;
			children = (
				4AA389EA2C3C90D600FACA79 /* ProjectDetailView.swift */,
				4A3559E42C3DB68400933FEA /* ProjectUpdateView.swift */,
				4AC8D76E2C3E502300E3D406 /* AddUpdateView.swift */,
				4A4933972C3EF6B400D3274E /* EditFocusView.swift */,
			);
			path = "Project Detail";
			sourceTree = "<group>";
		};
/* End PBXGroup section */

/* Begin PBXNativeTarget section */
		4A6CF86C2C3AD4F700944CAE /* db-project-tracker */ = {
			isa = PBXNativeTarget;
			buildConfigurationList = 4A6CF87B2C3AD4F800944CAE /* Build configuration list for PBXNativeTarget "db-project-tracker" */;
			buildPhases = (
				4A6CF8692C3AD4F700944CAE /* Sources */,
				4A6CF86A2C3AD4F700944CAE /* Frameworks */,
				4A6CF86B2C3AD4F700944CAE /* Resources */,
			);
			buildRules = (
			);
			dependencies = (
			);
			name = "db-project-tracker";
			productName = "db-project-tracker";
			productReference = 4A6CF86D2C3AD4F700944CAE /* db-project-tracker.app */;
			productType = "com.apple.product-type.application";
		};
/* End PBXNativeTarget section */

/* Begin PBXProject section */
		4A6CF8652C3AD4F700944CAE /* Project object */ = {
			isa = PBXProject;
			attributes = {
				BuildIndependentTargetsInParallel = 1;
				LastSwiftUpdateCheck = 1540;
				LastUpgradeCheck = 1540;
				TargetAttributes = {
					4A6CF86C2C3AD4F700944CAE = {
						CreatedOnToolsVersion = 15.4;
					};
				};
			};
			buildConfigurationList = 4A6CF8682C3AD4F700944CAE /* Build configuration list for PBXProject "db-project-tracker" */;
			compatibilityVersion = "Xcode 14.0";
			developmentRegion = en;
			hasScannedForEncodings = 0;
			knownRegions = (
				en,
				Base,
			);
			mainGroup = 4A6CF8642C3AD4F700944CAE;
			productRefGroup = 4A6CF86E2C3AD4F700944CAE /* Products */;
			projectDirPath = "";
			projectRoot = "";
			targets = (
				4A6CF86C2C3AD4F700944CAE /* db-project-tracker */,
			);
		};
/* End PBXProject section */

/* Begin PBXResourcesBuildPhase section */
		4A6CF86B2C3AD4F700944CAE /* Resources */ = {
			isa = PBXResourcesBuildPhase;
			buildActionMask = 2147483647;
			files = (
				4A6CF8782C3AD4F800944CAE /* Preview Assets.xcassets in Resources */,
				4A6CF8752C3AD4F800944CAE /* Assets.xcassets in Resources */,
			);
			runOnlyForDeploymentPostprocessing = 0;
		};
/* End PBXResourcesBuildPhase section */

/* Begin PBXSourcesBuildPhase section */
		4A6CF8692C3AD4F700944CAE /* Sources */ = {
			isa = PBXSourcesBuildPhase;
			buildActionMask = 2147483647;
			files = (
				4A6CF8822C3AD64700944CAE /* ProjectUpdate.swift in Sources */,
				4AA389C62C3C51DC00FACA79 /* FontHelper.swift in Sources */,
				4A4933982C3EF6B400D3274E /* EditFocusView.swift in Sources */,
				4AA389EB2C3C90D600FACA79 /* ProjectDetailView.swift in Sources */,
				4AA389E72C3C783A00FACA79 /* AddProjectView.swift in Sources */,
				4A6CF8732C3AD4F700944CAE /* ProjectListView.swift in Sources */,
				4A6CF8712C3AD4F700944CAE /* DBProjectTracker.swift in Sources */,
				4AA389C92C3C657F00FACA79 /* StatBubbleView.swift in Sources */,
				4A3559E52C3DB68400933FEA /* ProjectUpdateView.swift in Sources */,
				4AA389CB2C3C676600FACA79 /* ProjectCardView.swift in Sources */,
				4A4933962C3EF0FA00D3274E /* DateHelper.swift in Sources */,
				4A6CF8802C3AD5D000944CAE /* Project.swift in Sources */,
				4AC8D76F2C3E502300E3D406 /* AddUpdateView.swift in Sources */,
			);
			runOnlyForDeploymentPostprocessing = 0;
		};
/* End PBXSourcesBuildPhase section */

/* Begin XCBuildConfiguration section */
		4A6CF8792C3AD4F800944CAE /* Debug */ = {
			isa = XCBuildConfiguration;
			buildSettings = {
				ALWAYS_SEARCH_USER_PATHS = NO;
				ASSETCATALOG_COMPILER_GENERATE_SWIFT_ASSET_SYMBOL_EXTENSIONS = YES;
				CLANG_ANALYZER_NONNULL = YES;
				CLANG_ANALYZER_NUMBER_OBJECT_CONVERSION = YES_AGGRESSIVE;
				CLANG_CXX_LANGUAGE_STANDARD = "gnu++20";
				CLANG_ENABLE_MODULES = YES;
				CLANG_ENABLE_OBJC_ARC = YES;
				CLANG_ENABLE_OBJC_WEAK = YES;
				CLANG_WARN_BLOCK_CAPTURE_AUTORELEASING = YES;
				CLANG_WARN_BOOL_CONVERSION = YES;
				CLANG_WARN_COMMA = YES;
				CLANG_WARN_CONSTANT_CONVERSION = YES;
				CLANG_WARN_DEPRECATED_OBJC_IMPLEMENTATIONS = YES;
				CLANG_WARN_DIRECT_OBJC_ISA_USAGE = YES_ERROR;
				CLANG_WARN_DOCUMENTATION_COMMENTS = YES;
				CLANG_WARN_EMPTY_BODY = YES;
				CLANG_WARN_ENUM_CONVERSION = YES;
				CLANG_WARN_INFINITE_RECURSION = YES;
				CLANG_WARN_INT_CONVERSION = YES;
				CLANG_WARN_NON_LITERAL_NULL_CONVERSION = YES;
				CLANG_WARN_OBJC_IMPLICIT_RETAIN_SELF = YES;
				CLANG_WARN_OBJC_LITERAL_CONVERSION = YES;
				CLANG_WARN_OBJC_ROOT_CLASS = YES_ERROR;
				CLANG_WARN_QUOTED_INCLUDE_IN_FRAMEWORK_HEADER = YES;
				CLANG_WARN_RANGE_LOOP_ANALYSIS = YES;
				CLANG_WARN_STRICT_PROTOTYPES = YES;
				CLANG_WARN_SUSPICIOUS_MOVE = YES;
				CLANG_WARN_UNGUARDED_AVAILABILITY = YES_AGGRESSIVE;
				CLANG_WARN_UNREACHABLE_CODE = YES;
				CLANG_WARN__DUPLICATE_METHOD_MATCH = YES;
				COPY_PHASE_STRIP = NO;
				DEBUG_INFORMATION_FORMAT = dwarf;
				ENABLE_STRICT_OBJC_MSGSEND = YES;
				ENABLE_TESTABILITY = YES;
				ENABLE_USER_SCRIPT_SANDBOXING = YES;
				GCC_C_LANGUAGE_STANDARD = gnu17;
				GCC_DYNAMIC_NO_PIC = NO;
				GCC_NO_COMMON_BLOCKS = YES;
				GCC_OPTIMIZATION_LEVEL = 0;
				GCC_PREPROCESSOR_DEFINITIONS = (
					"DEBUG=1",
					"$(inherited)",
				);
				GCC_WARN_64_TO_32_BIT_CONVERSION = YES;
				GCC_WARN_ABOUT_RETURN_TYPE = YES_ERROR;
				GCC_WARN_UNDECLARED_SELECTOR = YES;
				GCC_WARN_UNINITIALIZED_AUTOS = YES_AGGRESSIVE;
				GCC_WARN_UNUSED_FUNCTION = YES;
				GCC_WARN_UNUSED_VARIABLE = YES;
				IPHONEOS_DEPLOYMENT_TARGET = 17.5;
				LOCALIZATION_PREFERS_STRING_CATALOGS = YES;
				MTL_ENABLE_DEBUG_INFO = INCLUDE_SOURCE;
				MTL_FAST_MATH = YES;
				ONLY_ACTIVE_ARCH = YES;
				SDKROOT = iphoneos;
				SWIFT_ACTIVE_COMPILATION_CONDITIONS = "DEBUG $(inherited)";
				SWIFT_OPTIMIZATION_LEVEL = "-Onone";
			};
			name = Debug;
		};
		4A6CF87A2C3AD4F800944CAE /* Release */ = {
			isa = XCBuildConfiguration;
			buildSettings = {
				ALWAYS_SEARCH_USER_PATHS = NO;
				ASSETCATALOG_COMPILER_GENERATE_SWIFT_ASSET_SYMBOL_EXTENSIONS = YES;
				CLANG_ANALYZER_NONNULL = YES;
				CLANG_ANALYZER_NUMBER_OBJECT_CONVERSION = YES_AGGRESSIVE;
				CLANG_CXX_LANGUAGE_STANDARD = "gnu++20";
				CLANG_ENABLE_MODULES = YES;
				CLANG_ENABLE_OBJC_ARC = YES;
				CLANG_ENABLE_OBJC_WEAK = YES;
				CLANG_WARN_BLOCK_CAPTURE_AUTORELEASING = YES;
				CLANG_WARN_BOOL_CONVERSION = YES;
				CLANG_WARN_COMMA = YES;
				CLANG_WARN_CONSTANT_CONVERSION = YES;
				CLANG_WARN_DEPRECATED_OBJC_IMPLEMENTATIONS = YES;
				CLANG_WARN_DIRECT_OBJC_ISA_USAGE = YES_ERROR;
				CLANG_WARN_DOCUMENTATION_COMMENTS = YES;
				CLANG_WARN_EMPTY_BODY = YES;
				CLANG_WARN_ENUM_CONVERSION = YES;
				CLANG_WARN_INFINITE_RECURSION = YES;
				CLANG_WARN_INT_CONVERSION = YES;
				CLANG_WARN_NON_LITERAL_NULL_CONVERSION = YES;
				CLANG_WARN_OBJC_IMPLICIT_RETAIN_SELF = YES;
				CLANG_WARN_OBJC_LITERAL_CONVERSION = YES;
				CLANG_WARN_OBJC_ROOT_CLASS = YES_ERROR;
				CLANG_WARN_QUOTED_INCLUDE_IN_FRAMEWORK_HEADER = YES;
				CLANG_WARN_RANGE_LOOP_ANALYSIS = YES;
				CLANG_WARN_STRICT_PROTOTYPES = YES;
				CLANG_WARN_SUSPICIOUS_MOVE = YES;
				CLANG_WARN_UNGUARDED_AVAILABILITY = YES_AGGRESSIVE;
				CLANG_WARN_UNREACHABLE_CODE = YES;
				CLANG_WARN__DUPLICATE_METHOD_MATCH = YES;
				COPY_PHASE_STRIP = NO;
				DEBUG_INFORMATION_FORMAT = "dwarf-with-dsym";
				ENABLE_NS_ASSERTIONS = NO;
				ENABLE_STRICT_OBJC_MSGSEND = YES;
				ENABLE_USER_SCRIPT_SANDBOXING = YES;
				GCC_C_LANGUAGE_STANDARD = gnu17;
				GCC_NO_COMMON_BLOCKS = YES;
				GCC_WARN_64_TO_32_BIT_CONVERSION = YES;
				GCC_WARN_ABOUT_RETURN_TYPE = YES_ERROR;
				GCC_WARN_UNDECLARED_SELECTOR = YES;
				GCC_WARN_UNINITIALIZED_AUTOS = YES_AGGRESSIVE;
				GCC_WARN_UNUSED_FUNCTION = YES;
				GCC_WARN_UNUSED_VARIABLE = YES;
				IPHONEOS_DEPLOYMENT_TARGET = 17.5;
				LOCALIZATION_PREFERS_STRING_CATALOGS = YES;
				MTL_ENABLE_DEBUG_INFO = NO;
				MTL_FAST_MATH = YES;
				SDKROOT = iphoneos;
				SWIFT_COMPILATION_MODE = wholemodule;
				VALIDATE_PRODUCT = YES;
			};
			name = Release;
		};
		4A6CF87C2C3AD4F800944CAE /* Debug */ = {
			isa = XCBuildConfiguration;
			buildSettings = {
				ASSETCATALOG_COMPILER_APPICON_NAME = AppIcon;
				ASSETCATALOG_COMPILER_GLOBAL_ACCENT_COLOR_NAME = AccentColor;
				CODE_SIGN_STYLE = Automatic;
				CURRENT_PROJECT_VERSION = 1;
				DEVELOPMENT_ASSET_PATHS = "\"db-project-tracker/Preview Content\"";
				DEVELOPMENT_TEAM = 7764P59CNX;
				ENABLE_PREVIEWS = YES;
				GENERATE_INFOPLIST_FILE = YES;
				INFOPLIST_KEY_UIApplicationSceneManifest_Generation = YES;
				INFOPLIST_KEY_UIApplicationSupportsIndirectInputEvents = YES;
				INFOPLIST_KEY_UILaunchScreen_Generation = YES;
				INFOPLIST_KEY_UISupportedInterfaceOrientations_iPad = "UIInterfaceOrientationPortrait UIInterfaceOrientationPortraitUpsideDown UIInterfaceOrientationLandscapeLeft UIInterfaceOrientationLandscapeRight";
				INFOPLIST_KEY_UISupportedInterfaceOrientations_iPhone = "UIInterfaceOrientationPortrait UIInterfaceOrientationLandscapeLeft UIInterfaceOrientationLandscapeRight";
				LD_RUNPATH_SEARCH_PATHS = (
					"$(inherited)",
					"@executable_path/Frameworks",
				);
				MARKETING_VERSION = 1.0;
				PRODUCT_BUNDLE_IDENTIFIER = "enestekin.db-project-tracker";
				PRODUCT_NAME = "$(TARGET_NAME)";
				SWIFT_EMIT_LOC_STRINGS = YES;
				SWIFT_VERSION = 5.0;
				TARGETED_DEVICE_FAMILY = "1,2";
			};
			name = Debug;
		};
		4A6CF87D2C3AD4F800944CAE /* Release */ = {
			isa = XCBuildConfiguration;
			buildSettings = {
				ASSETCATALOG_COMPILER_APPICON_NAME = AppIcon;
				ASSETCATALOG_COMPILER_GLOBAL_ACCENT_COLOR_NAME = AccentColor;
				CODE_SIGN_STYLE = Automatic;
				CURRENT_PROJECT_VERSION = 1;
				DEVELOPMENT_ASSET_PATHS = "\"db-project-tracker/Preview Content\"";
				DEVELOPMENT_TEAM = 7764P59CNX;
				ENABLE_PREVIEWS = YES;
				GENERATE_INFOPLIST_FILE = YES;
				INFOPLIST_KEY_UIApplicationSceneManifest_Generation = YES;
				INFOPLIST_KEY_UIApplicationSupportsIndirectInputEvents = YES;
				INFOPLIST_KEY_UILaunchScreen_Generation = YES;
				INFOPLIST_KEY_UISupportedInterfaceOrientations_iPad = "UIInterfaceOrientationPortrait UIInterfaceOrientationPortraitUpsideDown UIInterfaceOrientationLandscapeLeft UIInterfaceOrientationLandscapeRight";
				INFOPLIST_KEY_UISupportedInterfaceOrientations_iPhone = "UIInterfaceOrientationPortrait UIInterfaceOrientationLandscapeLeft UIInterfaceOrientationLandscapeRight";
				LD_RUNPATH_SEARCH_PATHS = (
					"$(inherited)",
					"@executable_path/Frameworks",
				);
				MARKETING_VERSION = 1.0;
				PRODUCT_BUNDLE_IDENTIFIER = "enestekin.db-project-tracker";
				PRODUCT_NAME = "$(TARGET_NAME)";
				SWIFT_EMIT_LOC_STRINGS = YES;
				SWIFT_VERSION = 5.0;
				TARGETED_DEVICE_FAMILY = "1,2";
			};
			name = Release;
		};
/* End XCBuildConfiguration section */

/* Begin XCConfigurationList section */
		4A6CF8682C3AD4F700944CAE /* Build configuration list for PBXProject "db-project-tracker" */ = {
			isa = XCConfigurationList;
			buildConfigurations = (
				4A6CF8792C3AD4F800944CAE /* Debug */,
				4A6CF87A2C3AD4F800944CAE /* Release */,
			);
			defaultConfigurationIsVisible = 0;
			defaultConfigurationName = Release;
		};
		4A6CF87B2C3AD4F800944CAE /* Build configuration list for PBXNativeTarget "db-project-tracker" */ = {
			isa = XCConfigurationList;
			buildConfigurations = (
				4A6CF87C2C3AD4F800944CAE /* Debug */,
				4A6CF87D2C3AD4F800944CAE /* Release */,
			);
			defaultConfigurationIsVisible = 0;
			defaultConfigurationName = Release;
		};
/* End XCConfigurationList section */
	};
	rootObject = 4A6CF8652C3AD4F700944CAE /* Project object */;
}
